Microsoft Visual Studio Solution File, Format Version 11.00
# Visual Studio 2008

Project("{E436E120-B08C-CA7D-0655-17281555034F}") = "SanAndreasNavigator", "Assembly-CSharp-firstpass-vs.csproj", "{4AB9D439-F96B-22B7-444A-CB5E4CE7C29D}"
EndProject
Project("{E436E120-B08C-CA7D-0655-17281555034F}") = "SanAndreasNavigator", "Assembly-CSharp-vs.csproj", "{5209DD88-97D2-D0AF-655A-AC4194B37691}"
EndProject
Project("{E436E120-B08C-CA7D-0655-17281555034F}") = "SanAndreasNavigator", "Assembly-CSharp-Editor-vs.csproj", "{13ED41DD-5BC2-A932-CE49-F80F9CE609A2}"
EndProject
Global
	GlobalSection(SolutionConfigurationPlatforms) = preSolution
		Debug|Any CPU = Debug|Any CPU
		Release|Any CPU = Release|Any CPU
	EndGlobalSection
	GlobalSection(ProjectConfigurationPlatforms) = postSolution
		{4AB9D439-F96B-22B7-444A-CB5E4CE7C29D}.Debug|Any CPU.ActiveCfg = Debug|Any CPU
		{4AB9D439-F96B-22B7-444A-CB5E4CE7C29D}.Debug|Any CPU.Build.0 = Debug|Any CPU
		{4AB9D439-F96B-22B7-444A-CB5E4CE7C29D}.Release|Any CPU.ActiveCfg = Release|Any CPU
		{4AB9D439-F96B-22B7-444A-CB5E4CE7C29D}.Release|Any CPU.Build.0 = Release|Any CPU
		{5209DD88-97D2-D0AF-655A-AC4194B37691}.Debug|Any CPU.ActiveCfg = Debug|Any CPU
		{5209DD88-97D2-D0AF-655A-AC4194B37691}.Debug|Any CPU.Build.0 = Debug|Any CPU
		{5209DD88-97D2-D0AF-655A-AC4194B37691}.Release|Any CPU.ActiveCfg = Release|Any CPU
		{5209DD88-97D2-D0AF-655A-AC4194B37691}.Release|Any CPU.Build.0 = Release|Any CPU
		{13ED41DD-5BC2-A932-CE49-F80F9CE609A2}.Debug|Any CPU.ActiveCfg = Debug|Any CPU
		{13ED41DD-5BC2-A932-CE49-F80F9CE609A2}.Debug|Any CPU.Build.0 = Debug|Any CPU
		{13ED41DD-5BC2-A932-CE49-F80F9CE609A2}.Release|Any CPU.ActiveCfg = Release|Any CPU
		{13ED41DD-5BC2-A932-CE49-F80F9CE609A2}.Release|Any CPU.Build.0 = Release|Any CPU
	EndGlobalSection
	GlobalSection(SolutionProperties) = preSolution
		HideSolutionNode = FALSE
	EndGlobalSection
			GlobalSection(MonoDevelopProperties) = preSolution
		StartupItem = Assembly-CSharp.csproj
		Policies = $0
		$0.TextStylePolicy = $1
		$1.inheritsSet = null
		$1.scope = text/x-csharp
		$0.CSharpFormattingPolicy = $2
		$2.inheritsSet = Mono
		$2.inheritsScope = text/x-csharp
		$2.scope = text/x-csharp
		$0.TextStylePolicy = $3
		$3.FileWidth = 120
		$3.TabWidth = 4
		$3.IndentWidth = 4
		$3.EolMarker = Unix
		$3.inheritsSet = Mono
		$3.inheritsScope = text/plain
		$3.scope = text/plain
	EndGlobalSection

EndGlobal
